GEM
  remote: https://rubygems.org/
  specs:
    activemerchant (1.133.0)
      activesupport (>= 4.2)
      builder (>= 2.1.2, < 4.0.0)
      i18n (>= 0.6.9)
      nokogiri (~> 1.4)
      rexml (~> 3.2.5)
    activesupport (5.2.3)
      concurrent-ruby (~> 1.0, >= 1.0.2)
      i18n (>= 0.7, < 2)
      minitest (~> 5.1)
      tzinfo (~> 1.1)
    base64 (0.2.0)
    bcrypt (3.1.20)
    builder (3.2.4)
    cassandra-driver (3.2.3)
      ione (~> 1.2)
    concurrent-ruby (1.1.5)
    ffi (1.16.3)
    i18n (1.6.0)
      concurrent-ruby (~> 1.0)
    ione (1.2.4)
    mini_portile2 (2.8.5)
    minitest (5.11.3)
    mustermann (3.0.0)
      ruby2_keywords (~> 0.0.1)
    nokogiri (1.15.5)
      mini_portile2 (~> 2.8.2)
      racc (~> 1.4)
    pdf-core (0.7.0)
    prawn (2.2.2)
      pdf-core (~> 0.7.0)
      ttfunk (~> 1.5)
    puma (3.12.1)
    racc (1.7.3)
    rack (3.0.8)
    rack-protection (4.0.0)
      base64 (>= 0.1.0)
      rack (>= 3.0.0, < 4)
    rack-session (2.0.0)
      rack (>= 3.0.0)
    rake (12.3.2)
    rbnacl (7.1.1)
      ffi
    redis (4.1.1)
    rexml (3.2.6)
    ruby-fann (1.2.6)
    ruby2_keywords (0.0.5)
    sinatra (4.0.0)
      mustermann (~> 3.0)
      rack (>= 3.0.0, < 4)
      rack-protection (= 4.0.0)
      rack-session (>= 2.0.0, < 3)
      tilt (~> 2.0)
    squid (1.4.1)
      activesupport (>= 4.0)
      prawn (~> 2.2)
    thread_safe (0.3.6)
    tilt (2.3.0)
    ttfunk (1.5.1)
    tzinfo (1.2.5)
      thread_safe (~> 0.1)

PLATFORMS
  ruby

DEPENDENCIES
  activemerchant
  bcrypt
  cassandra-driver
  puma
  rake
  rbnacl
  redis
  ruby-fann
  sinatra (>= 4.0.0)
  squid (~> 1.4)

BUNDLED WITH
   1.17.3
